{
  "name": "Mascotapp",
  "lockfileVersion": 3,
  "requires": true,
  "packages": {
    "": {
      "dependencies": {
        "react-highlight-words": "^0.21.0"
      }
    },
    "node_modules/highlight-words-core": {
      "version": "1.2.3",
      "resolved": "https://registry.npmjs.org/highlight-words-core/-/highlight-words-core-1.2.3.tgz",
      "integrity": "sha512-m1O9HW3/GNHxzSIXWw1wCNXXsgLlxrP0OI6+ycGUhiUHkikqW3OrwVHz+lxeNBe5yqLESdIcj8PowHQ2zLvUvQ=="
    },
    "node_modules/memoize-one": {
      "version": "4.0.3",
      "resolved": "https://registry.npmjs.org/memoize-one/-/memoize-one-4.0.3.tgz",
      "integrity": "sha512-QmpUu4KqDmX0plH4u+tf0riMc1KHE1+lw95cMrLlXQAFOx/xnBtwhZ52XJxd9X2O6kwKBqX32kmhbhlobD0cuw=="
    },
    "node_modules/react": {
      "version": "19.0.0",
      "resolved": "https://registry.npmjs.org/react/-/react-19.0.0.tgz",
      "integrity": "sha512-V8AVnmPIICiWpGfm6GLzCR/W5FXLchHop40W4nXBmdlEceh16rCN8O8LNWm5bh5XUX91fh7KpA+W0TgMKmgTpQ==",
      "peer": true,
      "engines": {
        "node": ">=0.10.0"
      }
    },
    "node_modules/react-highlight-words": {
      "version": "0.21.0",
      "resolved": "https://registry.npmjs.org/react-highlight-words/-/react-highlight-words-0.21.0.tgz",
      "integrity": "sha512-SdWEeU9fIINArEPO1rO5OxPyuhdEKZQhHzZZP1ie6UeXQf+CjycT1kWaB+9bwGcVbR0NowuHK3RqgqNg6bgBDQ==",
      "dependencies": {
        "highlight-words-core": "^1.2.0",
        "memoize-one": "^4.0.0"
      },
      "peerDependencies": {
        "react": "^0.14.0 || ^15.0.0 || ^16.0.0-0 || ^17.0.0-0 || ^18.0.0-0 || ^19.0.0-0"
      }
    }
  }
}
